
Microsoft Visual Studio Solution File, Format Version 12.00
# Visual Studio 15
VisualStudioVersion = 15.0.26730.16
MinimumVisualStudioVersion = 10.0.40219.1
Project("{9A19103F-16F7-4668-BE54-9A1E7A4F7556}") = "HtmlQuery", "HtmlQuery\HtmlQuery.csproj", "{9B3D50EA-5053-46E4-9610-1C545DBC39C6}"
EndProject
Project("{9A19103F-16F7-4668-BE54-9A1E7A4F7556}") = "Tests.Unit", "Tests.Unit\Tests.Unit.csproj", "{96D5F0CD-FC41-499F-9D73-ADC46F3A2203}"
EndProject
Global
	GlobalSection(SolutionConfigurationPlatforms) = preSolution
		Debug|Any CPU = Debug|Any CPU
		Release|Any CPU = Release|Any CPU
	EndGlobalSection
	GlobalSection(ProjectConfigurationPlatforms) = postSolution
		{9B3D50EA-5053-46E4-9610-1C545DBC39C6}.Debug|Any CPU.ActiveCfg = Debug|Any CPU
		{9B3D50EA-5053-46E4-9610-1C545DBC39C6}.Debug|Any CPU.Build.0 = Debug|Any CPU
		{9B3D50EA-5053-46E4-9610-1C545DBC39C6}.Release|Any CPU.ActiveCfg = Release|Any CPU
		{9B3D50EA-5053-46E4-9610-1C545DBC39C6}.Release|Any CPU.Build.0 = Release|Any CPU
		{96D5F0CD-FC41-499F-9D73-ADC46F3A2203}.Debug|Any CPU.ActiveCfg = Debug|Any CPU
		{96D5F0CD-FC41-499F-9D73-ADC46F3A2203}.Debug|Any CPU.Build.0 = Debug|Any CPU
		{96D5F0CD-FC41-499F-9D73-ADC46F3A2203}.Release|Any CPU.ActiveCfg = Release|Any CPU
		{96D5F0CD-FC41-499F-9D73-ADC46F3A2203}.Release|Any CPU.Build.0 = Release|Any CPU
	EndGlobalSection
	GlobalSection(SolutionProperties) = preSolution
		HideSolutionNode = FALSE
	EndGlobalSection
	GlobalSection(ExtensibilityGlobals) = postSolution
		SolutionGuid = {20BDCB77-32B6-4858-8DCF-F2089960D9A4}
	EndGlobalSection
EndGlobal
