
Microsoft Visual Studio Solution File, Format Version 12.00
# Visual Studio 2012
Project("{2150E333-8FDC-42A3-9474-1A3956D46DE8}") = "Solution Items", "Solution Items", "{FD35220D-61C8-4AF9-A0EF-A331783722B7}"
	ProjectSection(SolutionItems) = preProject
		HtmlQuery.testsettings = HtmlQuery.testsettings
		HtmlQuery.vsmdi = HtmlQuery.vsmdi
	EndProjectSection
EndProject
Project("{FAE04EC0-301F-11D3-BF4B-00C04F79EFBC}") = "HtmlQuery", "HtmlQuery\HtmlQuery.csproj", "{AAF9A0C3-9488-4977-8860-AA7EB68CF221}"
EndProject
Project("{FAE04EC0-301F-11D3-BF4B-00C04F79EFBC}") = "HtmlQueryUnitTests", "HtmlQueryUnitTests\HtmlQueryUnitTests.csproj", "{2B40FDF7-16D6-4F01-9518-ABCC2A4DFB13}"
EndProject
Project("{FAE04EC0-301F-11D3-BF4B-00C04F79EFBC}") = "HtmlQueryJqueryComparisonTests", "HtmlQueryJqueryComparisonTests\HtmlQueryJqueryComparisonTests.csproj", "{57DE83FE-5D26-412E-AAE5-97100D17B27C}"
EndProject
Global
	GlobalSection(TestCaseManagementSettings) = postSolution
		CategoryFile = HtmlQuery.vsmdi
	EndGlobalSection
	GlobalSection(SolutionConfigurationPlatforms) = preSolution
		Debug|Any CPU = Debug|Any CPU
		Release|Any CPU = Release|Any CPU
	EndGlobalSection
	GlobalSection(ProjectConfigurationPlatforms) = postSolution
		{AAF9A0C3-9488-4977-8860-AA7EB68CF221}.Debug|Any CPU.ActiveCfg = Debug|Any CPU
		{AAF9A0C3-9488-4977-8860-AA7EB68CF221}.Debug|Any CPU.Build.0 = Debug|Any CPU
		{AAF9A0C3-9488-4977-8860-AA7EB68CF221}.Release|Any CPU.ActiveCfg = Release|Any CPU
		{AAF9A0C3-9488-4977-8860-AA7EB68CF221}.Release|Any CPU.Build.0 = Release|Any CPU
		{2B40FDF7-16D6-4F01-9518-ABCC2A4DFB13}.Debug|Any CPU.ActiveCfg = Debug|Any CPU
		{2B40FDF7-16D6-4F01-9518-ABCC2A4DFB13}.Debug|Any CPU.Build.0 = Debug|Any CPU
		{2B40FDF7-16D6-4F01-9518-ABCC2A4DFB13}.Release|Any CPU.ActiveCfg = Release|Any CPU
		{2B40FDF7-16D6-4F01-9518-ABCC2A4DFB13}.Release|Any CPU.Build.0 = Release|Any CPU
		{57DE83FE-5D26-412E-AAE5-97100D17B27C}.Debug|Any CPU.ActiveCfg = Debug|Any CPU
		{57DE83FE-5D26-412E-AAE5-97100D17B27C}.Debug|Any CPU.Build.0 = Debug|Any CPU
		{57DE83FE-5D26-412E-AAE5-97100D17B27C}.Release|Any CPU.ActiveCfg = Release|Any CPU
		{57DE83FE-5D26-412E-AAE5-97100D17B27C}.Release|Any CPU.Build.0 = Release|Any CPU
	EndGlobalSection
	GlobalSection(SolutionProperties) = preSolution
		HideSolutionNode = FALSE
	EndGlobalSection
EndGlobal
